
Microsoft Visual Studio Solution File, Format Version 12.00
# Visual Studio 2015
Project("{FAE04EC0-301F-11D3-BF4B-00C04F79EFBC}") = "Jack The Giant Remake", "Jack The Giant Remake.csproj", "{B2D43E89-FA7A-39BB-FDD7-465DF26CE910}"
EndProject
Global
	GlobalSection(SolutionConfigurationPlatforms) = preSolution
		Debug|Any CPU = Debug|Any CPU
		Release|Any CPU = Release|Any CPU
	EndGlobalSection
	GlobalSection(ProjectConfigurationPlatforms) = postSolution
		{B2D43E89-FA7A-39BB-FDD7-465DF26CE910}.Debug|Any CPU.ActiveCfg = Debug|Any CPU
		{B2D43E89-FA7A-39BB-FDD7-465DF26CE910}.Debug|Any CPU.Build.0 = Debug|Any CPU
		{B2D43E89-FA7A-39BB-FDD7-465DF26CE910}.Release|Any CPU.ActiveCfg = Release|Any CPU
		{B2D43E89-FA7A-39BB-FDD7-465DF26CE910}.Release|Any CPU.Build.0 = Release|Any CPU
	EndGlobalSection
	GlobalSection(SolutionProperties) = preSolution
		HideSolutionNode = FALSE
	EndGlobalSection
EndGlobal
